
Microsoft Visual Studio Solution File, Format Version 12.00
# Visual Studio 15
VisualStudioVersion = 15.0.26730.8
MinimumVisualStudioVersion = 10.0.40219.1
Project("{FAE04EC0-301F-11D3-BF4B-00C04F79EFBC}") = "SIC-ArtCode", "SIC-ArtCode\SIC-ArtCode.csproj", "{514060EC-D0DB-4454-BB48-7726C7675061}"
EndProject
Global
	GlobalSection(SolutionConfigurationPlatforms) = preSolution
		Debug|Any CPU = Debug|Any CPU
		Release|Any CPU = Release|Any CPU
	EndGlobalSection
	GlobalSection(ProjectConfigurationPlatforms) = postSolution
		{514060EC-D0DB-4454-BB48-7726C7675061}.Debug|Any CPU.ActiveCfg = Debug|Any CPU
		{514060EC-D0DB-4454-BB48-7726C7675061}.Debug|Any CPU.Build.0 = Debug|Any CPU
		{514060EC-D0DB-4454-BB48-7726C7675061}.Release|Any CPU.ActiveCfg = Release|Any CPU
		{514060EC-D0DB-4454-BB48-7726C7675061}.Release|Any CPU.Build.0 = Release|Any CPU
	EndGlobalSection
	GlobalSection(SolutionProperties) = preSolution
		HideSolutionNode = FALSE
	EndGlobalSection
	GlobalSection(ExtensibilityGlobals) = postSolution
		SolutionGuid = {ACD1D5AA-81CD-4156-8E67-9D900349827B}
	EndGlobalSection
EndGlobal
